Microsoft Visual Studio Solution File, Format Version 12.00
# Visual Studio Version 16
VisualStudioVersion = 16.0.30503.244
MinimumVisualStudioVersion = 10.0.40219.1
Project("{9A19103F-16F7-4668-BE54-9A1E7A4F7556}") = "Dottle.Web", "Dottle.Web\Dottle.Web.csproj", "{00F11BAE-5269-4430-81FA-49565C33473E}"
	ProjectSection(ProjectDependencies) = postProject
		{4D3DED75-CEB3-4713-87BC-C62BEBD47888} = {4D3DED75-CEB3-4713-87BC-C62BEBD47888}
	EndProjectSection
EndProject
Project("{2150E333-8FDC-42A3-9474-1A3956D46DE8}") = "Solution Items", "Solution Items", "{7AA8AC50-4CFD-4CCE-889D-DF91FCC5ADBC}"
	ProjectSection(SolutionItems) = preProject
		.editorconfig = .editorconfig
	EndProjectSection
EndProject
Project("{9A19103F-16F7-4668-BE54-9A1E7A4F7556}") = "Dottle.Domain", "Dottle.Domain\Dottle.Domain.csproj", "{438BF719-DCA2-4EE3-B671-E40EC30FF829}"
EndProject
Project("{9A19103F-16F7-4668-BE54-9A1E7A4F7556}") = "Dottle.Persistence", "Dottle.Persistence\Dottle.Persistence.csproj", "{4D3DED75-CEB3-4713-87BC-C62BEBD47888}"
	ProjectSection(ProjectDependencies) = postProject
		{438BF719-DCA2-4EE3-B671-E40EC30FF829} = {438BF719-DCA2-4EE3-B671-E40EC30FF829}
	EndProjectSection
EndProject
Project("{9A19103F-16F7-4668-BE54-9A1E7A4F7556}") = "Dottle.Services", "Dottle.Services\Dottle.Services.csproj", "{45B1F42A-E99C-4962-8ABC-63E4FDDB4D78}"
EndProject
Project("{FAE04EC0-301F-11D3-BF4B-00C04F79EFBC}") = "Dottle.Tests", "Dottle.Tests\Dottle.Tests.csproj", "{8369DDC5-477C-47DF-8B3D-6632715D7251}"
EndProject
Global
	GlobalSection(SolutionConfigurationPlatforms) = preSolution
		Debug|Any CPU = Debug|Any CPU
		Release|Any CPU = Release|Any CPU
	EndGlobalSection
	GlobalSection(ProjectConfigurationPlatforms) = postSolution
		{00F11BAE-5269-4430-81FA-49565C33473E}.Debug|Any CPU.ActiveCfg = Debug|Any CPU
		{00F11BAE-5269-4430-81FA-49565C33473E}.Debug|Any CPU.Build.0 = Debug|Any CPU
		{00F11BAE-5269-4430-81FA-49565C33473E}.Release|Any CPU.ActiveCfg = Release|Any CPU
		{00F11BAE-5269-4430-81FA-49565C33473E}.Release|Any CPU.Build.0 = Release|Any CPU
		{438BF719-DCA2-4EE3-B671-E40EC30FF829}.Debug|Any CPU.ActiveCfg = Debug|Any CPU
		{438BF719-DCA2-4EE3-B671-E40EC30FF829}.Debug|Any CPU.Build.0 = Debug|Any CPU
		{438BF719-DCA2-4EE3-B671-E40EC30FF829}.Release|Any CPU.ActiveCfg = Release|Any CPU
		{438BF719-DCA2-4EE3-B671-E40EC30FF829}.Release|Any CPU.Build.0 = Release|Any CPU
		{4D3DED75-CEB3-4713-87BC-C62BEBD47888}.Debug|Any CPU.ActiveCfg = Debug|Any CPU
		{4D3DED75-CEB3-4713-87BC-C62BEBD47888}.Debug|Any CPU.Build.0 = Debug|Any CPU
		{4D3DED75-CEB3-4713-87BC-C62BEBD47888}.Release|Any CPU.ActiveCfg = Release|Any CPU
		{4D3DED75-CEB3-4713-87BC-C62BEBD47888}.Release|Any CPU.Build.0 = Release|Any CPU
		{45B1F42A-E99C-4962-8ABC-63E4FDDB4D78}.Debug|Any CPU.ActiveCfg = Debug|Any CPU
		{45B1F42A-E99C-4962-8ABC-63E4FDDB4D78}.Debug|Any CPU.Build.0 = Debug|Any CPU
		{45B1F42A-E99C-4962-8ABC-63E4FDDB4D78}.Release|Any CPU.ActiveCfg = Release|Any CPU
		{45B1F42A-E99C-4962-8ABC-63E4FDDB4D78}.Release|Any CPU.Build.0 = Release|Any CPU
		{8369DDC5-477C-47DF-8B3D-6632715D7251}.Debug|Any CPU.ActiveCfg = Debug|Any CPU
		{8369DDC5-477C-47DF-8B3D-6632715D7251}.Debug|Any CPU.Build.0 = Debug|Any CPU
		{8369DDC5-477C-47DF-8B3D-6632715D7251}.Release|Any CPU.ActiveCfg = Release|Any CPU
		{8369DDC5-477C-47DF-8B3D-6632715D7251}.Release|Any CPU.Build.0 = Release|Any CPU
	EndGlobalSection
	GlobalSection(SolutionProperties) = preSolution
		HideSolutionNode = FALSE
	EndGlobalSection
	GlobalSection(ExtensibilityGlobals) = postSolution
		SolutionGuid = {7749A299-D62A-4FBE-B833-F56C1FB612EB}
	EndGlobalSection
EndGlobal
